
Microsoft Visual Studio Solution File, Format Version 11.00
# Visual Studio 2010
Project("{FAE04EC0-301F-11D3-BF4B-00C04F79EFBC}") = "Fantasy Farm", "Fantasy Farm\Fantasy Farm\Fantasy Farm.csproj", "{B51BC67A-DD03-4DD3-9CC0-4C70B055EEEE}"
EndProject
Project("{96E2B04D-8817-42C6-938A-82C39BA4D311}") = "Fantasy FarmContent", "Fantasy Farm\Fantasy FarmContent\Fantasy FarmContent.contentproj", "{84D7D4A8-2217-422E-85B1-D2B0A22CC3DA}"
EndProject
Global
	GlobalSection(SolutionConfigurationPlatforms) = preSolution
		Debug|x86 = Debug|x86
		Release|x86 = Release|x86
	EndGlobalSection
	GlobalSection(ProjectConfigurationPlatforms) = postSolution
		{B51BC67A-DD03-4DD3-9CC0-4C70B055EEEE}.Debug|x86.ActiveCfg = Debug|x86
		{B51BC67A-DD03-4DD3-9CC0-4C70B055EEEE}.Debug|x86.Build.0 = Debug|x86
		{B51BC67A-DD03-4DD3-9CC0-4C70B055EEEE}.Release|x86.ActiveCfg = Release|x86
		{B51BC67A-DD03-4DD3-9CC0-4C70B055EEEE}.Release|x86.Build.0 = Release|x86
		{84D7D4A8-2217-422E-85B1-D2B0A22CC3DA}.Debug|x86.ActiveCfg = Debug|x86
		{84D7D4A8-2217-422E-85B1-D2B0A22CC3DA}.Release|x86.ActiveCfg = Release|x86
	EndGlobalSection
	GlobalSection(SolutionProperties) = preSolution
		HideSolutionNode = FALSE
	EndGlobalSection
EndGlobal
